// !$*UTF8*$!
{
	archiveVersion = 1;
	classes = {
	};
	objectVersion = 46;
	objects = {

/* Begin PBXBuildFile section */
		2E87439C1F08ACEA00F7EE32 /* AppDelegate.swift in Sources */ = {isa = PBXBuildFile; fileRef = 2E87439B1F08ACEA00F7EE32 /* AppDelegate.swift */; };
		2E87439E1F08ACEA00F7EE32 /* ViewController.swift in Sources */ = {isa = PBXBuildFile; fileRef = 2E87439D1F08ACEA00F7EE32 /* ViewController.swift */; };
		2E8743A11F08ACEA00F7EE32 /* Main.storyboard in Resources */ = {isa = PBXBuildFile; fileRef = 2E87439F1F08ACEA00F7EE32 /* Main.storyboard */; };
		2E8743A31F08ACEA00F7EE32 /* Assets.xcassets in Resources */ = {isa = PBXBuildFile; fileRef = 2E8743A21F08ACEA00F7EE32 /* Assets.xcassets */; };
		2E8743A61F08ACEA00F7EE32 /* LaunchScreen.storyboard in Resources */ = {isa = PBXBuildFile; fileRef = 2E8743A41F08ACEA00F7EE32 /* LaunchScreen.storyboard */; };
		EE1D44FFAE972D6FB9DFFD67 /* Pods_EtherTicker1.framework in Frameworks */ = {isa = PBXBuildFile; fileRef = DBBC1A8FD11222B60C9319FA /* Pods_EtherTicker1.framework */; };
/* End PBXBuildFile section */

/* Begin PBXFileReference section */
		0CD2613DCF42FD72EB49C0D9 /* Pods-EtherTicker1.release.xcconfig */ = {isa = PBXFileReference; includeInIndex = 1; lastKnownFileType = text.xcconfig; name = "Pods-EtherTicker1.release.xcconfig"; path = "Pods/Target Support Files/Pods-EtherTicker1/Pods-EtherTicker1.release.xcconfig"; sourceTree = "<group>"; };
		2E8743981F08ACEA00F7EE32 /* EtherTicker1.app */ = {isa = PBXFileReference; explicitFileType = wrapper.application; includeInIndex = 0; path = EtherTicker1.app; sourceTree = BUILT_PRODUCTS_DIR; };
		2E87439B1F08ACEA00F7EE32 /* AppDelegate.swift */ = {isa = PBXFileReference; lastKnownFileType = sourcecode.swift; path = AppDelegate.swift; sourceTree = "<group>"; };
		2E87439D1F08ACEA00F7EE32 /* ViewController.swift */ = {isa = PBXFileReference; lastKnownFileType = sourcecode.swift; path = ViewController.swift; sourceTree = "<group>"; };
		2E8743A01F08ACEA00F7EE32 /* Base */ = {isa = PBXFileReference; lastKnownFileType = file.storyboard; name = Base; path = Base.lproj/Main.storyboard; sourceTree = "<group>"; };
		2E8743A21F08ACEA00F7EE32 /* Assets.xcassets */ = {isa = PBXFileReference; lastKnownFileType = folder.assetcatalog; path = Assets.xcassets; sourceTree = "<group>"; };
		2E8743A51F08ACEA00F7EE32 /* Base */ = {isa = PBXFileReference; lastKnownFileType = file.storyboard; name = Base; path = Base.lproj/LaunchScreen.storyboard; sourceTree = "<group>"; };
		2E8743A71F08ACEA00F7EE32 /* Info.plist */ = {isa = PBXFileReference; lastKnownFileType = text.plist.xml; path = Info.plist; sourceTree = "<group>"; };
		DBBC1A8FD11222B60C9319FA /* Pods_EtherTicker1.framework */ = {isa = PBXFileReference; explicitFileType = wrapper.framework; includeInIndex = 0; path = Pods_EtherTicker1.framework; sourceTree = BUILT_PRODUCTS_DIR; };
		E9AB24E617B9750AC62FCDC8 /* Pods-EtherTicker1.debug.xcconfig */ = {isa = PBXFileReference; includeInIndex = 1; lastKnownFileType = text.xcconfig; name = "Pods-EtherTicker1.debug.xcconfig"; path = "Pods/Target Support Files/Pods-EtherTicker1/Pods-EtherTicker1.debug.xcconfig"; sourceTree = "<group>"; };
/* End PBXFileReference section */

/* Begin PBXFrameworksBuildPhase section */
		2E8743951F08ACEA00F7EE32 /* Frameworks */ = {
			isa = PBXFrameworksBuildPhase;
			buildActionMask = 2147483647;
			files = (
				EE1D44FFAE972D6FB9DFFD67 /* Pods_EtherTicker1.framework in Frameworks */,
			);
			runOnlyForDeploymentPostprocessing = 0;
		};
/* End PBXFrameworksBuildPhase section */

/* Begin PBXGroup section */
		1986F6DFA62D1277E3426FDD /* Pods */ = {
			isa = PBXGroup;
			children = (
				E9AB24E617B9750AC62FCDC8 /* Pods-EtherTicker1.debug.xcconfig */,
				0CD2613DCF42FD72EB49C0D9 /* Pods-EtherTicker1.release.xcconfig */,
			);
			name = Pods;
			sourceTree = "<group>";
		};
		2E87438F1F08ACEA00F7EE32 = {
			isa = PBXGroup;
			children = (
				2E87439A1F08ACEA00F7EE32 /* EtherTicker1 */,
				2E8743991F08ACEA00F7EE32 /* Products */,
				1986F6DFA62D1277E3426FDD /* Pods */,
				4E206CA1E146D63C780B3224 /* Frameworks */,
			);
			sourceTree = "<group>";
		};
		2E8743991F08ACEA00F7EE32 /* Products */ = {
			isa = PBXGroup;
			children = (
				2E8743981F08ACEA00F7EE32 /* EtherTicker1.app */,
			);
			name = Products;
			sourceTree = "<group>";
		};
		2E87439A1F08ACEA00F7EE32 /* EtherTicker1 */ = {
			isa = PBXGroup;
			children = (
				2E87439B1F08ACEA00F7EE32 /* AppDelegate.swift */,
				2E87439D1F08ACEA00F7EE32 /* ViewController.swift */,
				2E87439F1F08ACEA00F7EE32 /* Main.storyboard */,
				2E8743A21F08ACEA00F7EE32 /* Assets.xcassets */,
				2E8743A41F08ACEA00F7EE32 /* LaunchScreen.storyboard */,
				2E8743A71F08ACEA00F7EE32 /* Info.plist */,
			);
			path = EtherTicker1;
			sourceTree = "<group>";
		};
		4E206CA1E146D63C780B3224 /* Frameworks */ = {
			isa = PBXGroup;
			children = (
				DBBC1A8FD11222B60C9319FA /* Pods_EtherTicker1.framework */,
			);
			name = Frameworks;
			sourceTree = "<group>";
		};
/* End PBXGroup section */

/* Begin PBXNativeTarget section */
		2E8743971F08ACEA00F7EE32 /* EtherTicker1 */ = {
			isa = PBXNativeTarget;
			buildConfigurationList = 2E8743AA1F08ACEA00F7EE32 /* Build configuration list for PBXNativeTarget "EtherTicker1" */;
			buildPhases = (
				E8D96B09F406EC3653FE6ADE /* [CP] Check Pods Manifest.lock */,
				2E8743941F08ACEA00F7EE32 /* Sources */,
				2E8743951F08ACEA00F7EE32 /* Frameworks */,
				2E8743961F08ACEA00F7EE32 /* Resources */,
				8D93D9F3EEB2B61E29A66F5D /* [CP] Embed Pods Frameworks */,
				EA68A01D0FFB440EC6C51A0F /* [CP] Copy Pods Resources */,
			);
			buildRules = (
			);
			dependencies = (
			);
			name = EtherTicker1;
			productName = EtherTicker1;
			productReference = 2E8743981F08ACEA00F7EE32 /* EtherTicker1.app */;
			productType = "com.apple.product-type.application";
		};
/* End PBXNativeTarget section */

/* Begin PBXProject section */
		2E8743901F08ACEA00F7EE32 /* Project object */ = {
			isa = PBXProject;
			attributes = {
				LastSwiftUpdateCheck = 0830;
				LastUpgradeCheck = 0830;
				ORGANIZATIONNAME = "Michael Amalfitano";
				TargetAttributes = {
					2E8743971F08ACEA00F7EE32 = {
						CreatedOnToolsVersion = 8.3.3;
						ProvisioningStyle = Automatic;
					};
				};
			};
			buildConfigurationList = 2E8743931F08ACEA00F7EE32 /* Build configuration list for PBXProject "EtherTicker1" */;
			compatibilityVersion = "Xcode 3.2";
			developmentRegion = English;
			hasScannedForEncodings = 0;
			knownRegions = (
				en,
				Base,
			);
			mainGroup = 2E87438F1F08ACEA00F7EE32;
			productRefGroup = 2E8743991F08ACEA00F7EE32 /* Products */;
			projectDirPath = "";
			projectRoot = "";
			targets = (
				2E8743971F08ACEA00F7EE32 /* EtherTicker1 */,
			);
		};
/* End PBXProject section */

/* Begin PBXResourcesBuildPhase section */
		2E8743961F08ACEA00F7EE32 /* Resources */ = {
			isa = PBXResourcesBuildPhase;
			buildActionMask = 2147483647;
			files = (
				2E8743A61F08ACEA00F7EE32 /* LaunchScreen.storyboard in Resources */,
				2E8743A31F08ACEA00F7EE32 /* Assets.xcassets in Resources */,
				2E8743A11F08ACEA00F7EE32 /* Main.storyboard in Resources */,
			);
			runOnlyForDeploymentPostprocessing = 0;
		};
/* End PBXResourcesBuildPhase section */

/* Begin PBXShellScriptBuildPhase section */
		8D93D9F3EEB2B61E29A66F5D /* [CP] Embed Pods Frameworks */ = {
			isa = PBXShellScriptBuildPhase;
			buildActionMask = 2147483647;
			files = (
			);
			inputPaths = (
				"${SRCROOT}/Pods/Target Support Files/Pods-EtherTicker1/Pods-EtherTicker1-frameworks.sh",
				"${BUILT_PRODUCTS_DIR}/Alamofire/Alamofire.framework",
			);
			name = "[CP] Embed Pods Frameworks";
			outputPaths = (
				"${TARGET_BUILD_DIR}/${FRAMEWORKS_FOLDER_PATH}/Alamofire.framework",
			);
			runOnlyForDeploymentPostprocessing = 0;
			shellPath = /bin/sh;
			shellScript = "\"${SRCROOT}/Pods/Target Support Files/Pods-EtherTicker1/Pods-EtherTicker1-frameworks.sh\"\n";
			showEnvVarsInLog = 0;
		};
		E8D96B09F406EC3653FE6ADE /* [CP] Check Pods Manifest.lock */ = {
			isa = PBXShellScriptBuildPhase;
			buildActionMask = 2147483647;
			files = (
			);
			inputPaths = (
				"${PODS_PODFILE_DIR_PATH}/Podfile.lock",
				"${PODS_ROOT}/Manifest.lock",
			);
			name = "[CP] Check Pods Manifest.lock";
			outputPaths = (
				"$(DERIVED_FILE_DIR)/Pods-EtherTicker1-checkManifestLockResult.txt",
			);
			runOnlyForDeploymentPostprocessing = 0;
			shellPath = /bin/sh;
			shellScript = "diff \"${PODS_PODFILE_DIR_PATH}/Podfile.lock\" \"${PODS_ROOT}/Manifest.lock\" > /dev/null\nif [ $? != 0 ] ; then\n    # print error to STDERR\n    echo \"error: The sandbox is not in sync with the Podfile.lock. Run 'pod install' or update your CocoaPods installation.\" >&2\n    exit 1\nfi\n# This output is used by Xcode 'outputs' to avoid re-running this script phase.\necho \"SUCCESS\" > \"${SCRIPT_OUTPUT_FILE_0}\"\n";
			showEnvVarsInLog = 0;
		};
		EA68A01D0FFB440EC6C51A0F /* [CP] Copy Pods Resources */ = {
			isa = PBXShellScriptBuildPhase;
			buildActionMask = 2147483647;
			files = (
			);
			inputPaths = (
			);
			name = "[CP] Copy Pods Resources";
			outputPaths = (
			);
			runOnlyForDeploymentPostprocessing = 0;
			shellPath = /bin/sh;
			shellScript = "\"${SRCROOT}/Pods/Target Support Files/Pods-EtherTicker1/Pods-EtherTicker1-resources.sh\"\n";
			showEnvVarsInLog = 0;
		};
/* End PBXShellScriptBuildPhase section */

/* Begin PBXSourcesBuildPhase section */
		2E8743941F08ACEA00F7EE32 /* Sources */ = {
			isa = PBXSourcesBuildPhase;
			buildActionMask = 2147483647;
			files = (
				2E87439E1F08ACEA00F7EE32 /* ViewController.swift in Sources */,
				2E87439C1F08ACEA00F7EE32 /* AppDelegate.swift in Sources */,
			);
			runOnlyForDeploymentPostprocessing = 0;
		};
/* End PBXSourcesBuildPhase section */

/* Begin PBXVariantGroup section */
		2E87439F1F08ACEA00F7EE32 /* Main.storyboard */ = {
			isa = PBXVariantGroup;
			children = (
				2E8743A01F08ACEA00F7EE32 /* Base */,
			);
			name = Main.storyboard;
			sourceTree = "<group>";
		};
		2E8743A41F08ACEA00F7EE32 /* LaunchScreen.storyboard */ = {
			isa = PBXVariantGroup;
			children = (
				2E8743A51F08ACEA00F7EE32 /* Base */,
			);
			name = LaunchScreen.storyboard;
			sourceTree = "<group>";
		};
/* End PBXVariantGroup section */

/* Begin XCBuildConfiguration section */
		2E8743A81F08ACEA00F7EE32 /* Debug */ = {
			isa = XCBuildConfiguration;
			buildSettings = {
				ALWAYS_SEARCH_USER_PATHS = NO;
				CLANG_ANALYZER_NONNULL = YES;
				CLANG_ANALYZER_NUMBER_OBJECT_CONVERSION = YES_AGGRESSIVE;
				CLANG_CXX_LANGUAGE_STANDARD = "gnu++0x";
				CLANG_CXX_LIBRARY = "libc++";
				CLANG_ENABLE_MODULES = YES;
				CLANG_ENABLE_OBJC_ARC = YES;
				CLANG_WARN_BOOL_CONVERSION = YES;
				CLANG_WARN_CONSTANT_CONVERSION = YES;
				CLANG_WARN_DIRECT_OBJC_ISA_USAGE = YES_ERROR;
				CLANG_WARN_DOCUMENTATION_COMMENTS = YES;
				CLANG_WARN_EMPTY_BODY = YES;
				CLANG_WARN_ENUM_CONVERSION = YES;
				CLANG_WARN_INFINITE_RECURSION = YES;
				CLANG_WARN_INT_CONVERSION = YES;
				CLANG_WARN_OBJC_ROOT_CLASS = YES_ERROR;
				CLANG_WARN_SUSPICIOUS_MOVE = YES;
				CLANG_WARN_UNREACHABLE_CODE = YES;
				CLANG_WARN__DUPLICATE_METHOD_MATCH = YES;
				"CODE_SIGN_IDENTITY[sdk=iphoneos*]" = "iPhone Developer";
				COPY_PHASE_STRIP = NO;
				DEBUG_INFORMATION_FORMAT = dwarf;
				ENABLE_STRICT_OBJC_MSGSEND = YES;
				ENABLE_TESTABILITY = YES;
				GCC_C_LANGUAGE_STANDARD = gnu99;
				GCC_DYNAMIC_NO_PIC = NO;
				GCC_NO_COMMON_BLOCKS = YES;
				GCC_OPTIMIZATION_LEVEL = 0;
				GCC_PREPROCESSOR_DEFINITIONS = (
					"DEBUG=1",
					"$(inherited)",
				);
				GCC_WARN_64_TO_32_BIT_CONVERSION = YES;
				GCC_WARN_ABOUT_RETURN_TYPE = YES_ERROR;
				GCC_WARN_UNDECLARED_SELECTOR = YES;
				GCC_WARN_UNINITIALIZED_AUTOS = YES_AGGRESSIVE;
				GCC_WARN_UNUSED_FUNCTION = YES;
				GCC_WARN_UNUSED_VARIABLE = YES;
				IPHONEOS_DEPLOYMENT_TARGET = 10.3;
				MTL_ENABLE_DEBUG_INFO = YES;
				ONLY_ACTIVE_ARCH = YES;
				SDKROOT = iphoneos;
				SWIFT_ACTIVE_COMPILATION_CONDITIONS = DEBUG;
				SWIFT_OPTIMIZATION_LEVEL = "-Onone";
				TARGETED_DEVICE_FAMILY = "1,2";
			};
			name = Debug;
		};
		2E8743A91F08ACEA00F7EE32 /* Release */ = {
			isa = XCBuildConfiguration;
			buildSettings = {
				ALWAYS_SEARCH_USER_PATHS = NO;
				CLANG_ANALYZER_NONNULL = YES;
				CLANG_ANALYZER_NUMBER_OBJECT_CONVERSION = YES_AGGRESSIVE;
				CLANG_CXX_LANGUAGE_STANDARD = "gnu++0x";
				CLANG_CXX_LIBRARY = "libc++";
				CLANG_ENABLE_MODULES = YES;
				CLANG_ENABLE_OBJC_ARC = YES;
				CLANG_WARN_BOOL_CONVERSION = YES;
				CLANG_WARN_CONSTANT_CONVERSION = YES;
				CLANG_WARN_DIRECT_OBJC_ISA_USAGE = YES_ERROR;
				CLANG_WARN_DOCUMENTATION_COMMENTS = YES;
				CLANG_WARN_EMPTY_BODY = YES;
				CLANG_WARN_ENUM_CONVERSION = YES;
				CLANG_WARN_INFINITE_RECURSION = YES;
				CLANG_WARN_INT_CONVERSION = YES;
				CLANG_WARN_OBJC_ROOT_CLASS = YES_ERROR;
				CLANG_WARN_SUSPICIOUS_MOVE = YES;
				CLANG_WARN_UNREACHABLE_CODE = YES;
				CLANG_WARN__DUPLICATE_METHOD_MATCH = YES;
				"CODE_SIGN_IDENTITY[sdk=iphoneos*]" = "iPhone Developer";
				COPY_PHASE_STRIP = NO;
				DEBUG_INFORMATION_FORMAT = "dwarf-with-dsym";
				ENABLE_NS_ASSERTIONS = NO;
				ENABLE_STRICT_OBJC_MSGSEND = YES;
				GCC_C_LANGUAGE_STANDARD = gnu99;
				GCC_NO_COMMON_BLOCKS = YES;
				GCC_WARN_64_TO_32_BIT_CONVERSION = YES;
				GCC_WARN_ABOUT_RETURN_TYPE = YES_ERROR;
				GCC_WARN_UNDECLARED_SELECTOR = YES;
				GCC_WARN_UNINITIALIZED_AUTOS = YES_AGGRESSIVE;
				GCC_WARN_UNUSED_FUNCTION = YES;
				GCC_WARN_UNUSED_VARIABLE = YES;
				IPHONEOS_DEPLOYMENT_TARGET = 10.3;
				MTL_ENABLE_DEBUG_INFO = NO;
				SDKROOT = iphoneos;
				SWIFT_OPTIMIZATION_LEVEL = "-Owholemodule";
				TARGETED_DEVICE_FAMILY = "1,2";
				VALIDATE_PRODUCT = YES;
			};
			name = Release;
		};
		2E8743AB1F08ACEA00F7EE32 /* Debug */ = {
			isa = XCBuildConfiguration;
			baseConfigurationReference = E9AB24E617B9750AC62FCDC8 /* Pods-EtherTicker1.debug.xcconfig */;
			buildSettings = {
				ASSETCATALOG_COMPILER_APPICON_NAME = AppIcon;
				INFOPLIST_FILE = EtherTicker1/Info.plist;
				LD_RUNPATH_SEARCH_PATHS = "$(inherited) @executable_path/Frameworks";
				PRODUCT_BUNDLE_IDENTIFIER = com.Apple.EtherTicker1;
				PRODUCT_NAME = "$(TARGET_NAME)";
				SWIFT_VERSION = 3.0;
			};
			name = Debug;
		};
		2E8743AC1F08ACEA00F7EE32 /* Release */ = {
			isa = XCBuildConfiguration;
			baseConfigurationReference = 0CD2613DCF42FD72EB49C0D9 /* Pods-EtherTicker1.release.xcconfig */;
			buildSettings = {
				ASSETCATALOG_COMPILER_APPICON_NAME = AppIcon;
				INFOPLIST_FILE = EtherTicker1/Info.plist;
				LD_RUNPATH_SEARCH_PATHS = "$(inherited) @executable_path/Frameworks";
				PRODUCT_BUNDLE_IDENTIFIER = com.Apple.EtherTicker1;
				PRODUCT_NAME = "$(TARGET_NAME)";
				SWIFT_VERSION = 3.0;
			};
			name = Release;
		};
/* End XCBuildConfiguration section */

/* Begin XCConfigurationList section */
		2E8743931F08ACEA00F7EE32 /* Build configuration list for PBXProject "EtherTicker1" */ = {
			isa = XCConfigurationList;
			buildConfigurations = (
				2E8743A81F08ACEA00F7EE32 /* Debug */,
				2E8743A91F08ACEA00F7EE32 /* Release */,
			);
			defaultConfigurationIsVisible = 0;
			defaultConfigurationName = Release;
		};
		2E8743AA1F08ACEA00F7EE32 /* Build configuration list for PBXNativeTarget "EtherTicker1" */ = {
			isa = XCConfigurationList;
			buildConfigurations = (
				2E8743AB1F08ACEA00F7EE32 /* Debug */,
				2E8743AC1F08ACEA00F7EE32 /* Release */,
			);
			defaultConfigurationIsVisible = 0;
		};
/* End XCConfigurationList section */
	};
	rootObject = 2E8743901F08ACEA00F7EE32 /* Project object */;
}
